lockfileVersion: '9.0'

settings:
  autoInstallPeers: true
  excludeLinksFromLockfile: false

importers:

  .:
    dependencies:
      load-json-file:
        specifier: ^7.0.1
        version: 7.0.1
      pkg-dir:
        specifier: ^8.0.0
        version: 8.0.0
      pnpm:
        specifier: ^9.1.0
        version: 9.1.0
      write-json-file:
        specifier: ^5.0.0
        version: 5.0.0

packages:

  detect-indent@7.0.1:
    resolution: {integrity: sha512-Mc7QhQ8s+cLrnUfU/Ji94vG/r8M26m8f++vyres4ZoojaRDpZ1eSIh/EpzLNwlWuvzSZ3UbDFspjFvTDXe6e/g==}
    engines: {node: '>=12.20'}

  find-up-simple@1.0.0:
    resolution: {integrity: sha512-q7Us7kcjj2VMePAa02hDAF6d+MzsdsAWEwYyOpwUtlerRBkOEPBCRZrAV4XfcSN8fHAgaD0hP7miwoay6DCprw==}
    engines: {node: '>=18'}

  imurmurhash@0.1.4:
    resolution: {integrity: sha1-khi5srkoojixPcT7a21XbyMUU+o=}
    engines: {node: '>=0.8.19'}

  is-plain-obj@4.1.0:
    resolution: {integrity: sha512-+Pgi+vMuUNkJyExiMBt5IlFoMyKnr5zhJ4Uspz58WOhBF5QoIZkFyNHIbBAtHwzVAgk5RtndVNsDRN61/mmDqg==}
    engines: {node: '>=12'}

  is-typedarray@1.0.0:
    resolution: {integrity: sha1-5HnICFjfDBsR3dppQPlgEfzaSpo=}

  load-json-file@7.0.1:
    resolution: {integrity: sha512-Gnxj3ev3mB5TkVBGad0JM6dmLiQL+o0t23JPBZ9sd+yvSLk05mFoqKBw5N8gbbkU4TNXyqCgIrl/VM17OgUIgQ==}
    engines: {node: ^12.20.0 || ^14.13.1 || >=16.0.0}

  pkg-dir@8.0.0:
    resolution: {integrity: sha512-4peoBq4Wks0riS0z8741NVv+/8IiTvqnZAr8QGgtdifrtpdXbNw/FxRS1l6NFqm4EMzuS0EDqNNx4XGaz8cuyQ==}
    engines: {node: '>=18'}

  pnpm@9.1.0:
    resolution: {integrity: sha512-Z/WHmRapKT5c8FnCOFPVcb6vT3U8cH9AyyK+1fsVeMaq07bEEHzLO6CzW+AD62IaFkcayDbIe+tT+dVLtGEnJA==}
    engines: {node: '>=18.12'}
    hasBin: true

  signal-exit@3.0.7:
    resolution: {integrity: sha512-wnD2ZE+l+SPC/uoS0vXeE9L1+0wuaMqKlfz9AMUo38JsyLSBWSFcHR1Rri62LZc12vLr1gb3jl7iwQhgwpAbGQ==}

  sort-keys@5.0.0:
    resolution: {integrity: sha512-Pdz01AvCAottHTPQGzndktFNdbRA75BgOfeT1hH+AMnJFv8lynkPi42rfeEhpx1saTEI3YNMWxfqu0sFD1G8pw==}
    engines: {node: '>=12'}

  typedarray-to-buffer@3.1.5:
    resolution: {integrity: sha512-zdu8XMNEDepKKR+XYOXAVPtWui0ly0NtohUscw+UmaHiAWT8hrV1rr//H6V+0DvJ3OQ19S979M0laLfX8rm82Q==}

  write-file-atomic@3.0.3:
    resolution: {integrity: sha512-AvHcyZ5JnSfq3ioSyjrBkH9yW4m7Ayk8/9My/DD9onKeu/94fwrMocemO2QAJFAlnnDN+ZDS+ZjAR5ua1/PV/Q==}

  write-json-file@5.0.0:
    resolution: {integrity: sha512-ddSsCLa4aQ3kI21BthINo4q905/wfhvQ3JL3774AcRjBaiQmfn5v4rw77jQ7T6CmAit9VOQO+FsLyPkwxoB1fw==}
    engines: {node: ^12.20.0 || ^14.13.1 || >=16.0.0}

snapshots:

  detect-indent@7.0.1: {}

  find-up-simple@1.0.0: {}

  imurmurhash@0.1.4: {}

  is-plain-obj@4.1.0: {}

  is-typedarray@1.0.0: {}

  load-json-file@7.0.1: {}

  pkg-dir@8.0.0:
    dependencies:
      find-up-simple: 1.0.0

  pnpm@9.1.0: {}

  signal-exit@3.0.7: {}

  sort-keys@5.0.0:
    dependencies:
      is-plain-obj: 4.1.0

  typedarray-to-buffer@3.1.5:
    dependencies:
      is-typedarray: 1.0.0

  write-file-atomic@3.0.3:
    dependencies:
      imurmurhash: 0.1.4
      is-typedarray: 1.0.0
      signal-exit: 3.0.7
      typedarray-to-buffer: 3.1.5

  write-json-file@5.0.0:
    dependencies:
      detect-indent: 7.0.1
      is-plain-obj: 4.1.0
      sort-keys: 5.0.0
      write-file-atomic: 3.0.3
