lockfileVersion: '9.0'

settings:
  autoInstallPeers: true
  excludeLinksFromLockfile: false

importers:

  .:
    dependencies:
      load-json-file:
        specifier: ^7.0.1
        version: 7.0.1
      pkg-dir:
        specifier: ^8.0.0
        version: 8.0.0
      write-json-file:
        specifier: ^6.0.0
        version: 6.0.0

packages:

  detect-indent@7.0.1:
    resolution: {integrity: sha512-Mc7QhQ8s+cLrnUfU/Ji94vG/r8M26m8f++vyres4ZoojaRDpZ1eSIh/EpzLNwlWuvzSZ3UbDFspjFvTDXe6e/g==}
    engines: {node: '>=12.20'}

  find-up-simple@1.0.0:
    resolution: {integrity: sha512-q7Us7kcjj2VMePAa02hDAF6d+MzsdsAWEwYyOpwUtlerRBkOEPBCRZrAV4XfcSN8fHAgaD0hP7miwoay6DCprw==}
    engines: {node: '>=18'}

  imurmurhash@0.1.4:
    resolution: {integrity: sha1-khi5srkoojixPcT7a21XbyMUU+o=}
    engines: {node: '>=0.8.19'}

  is-plain-obj@4.1.0:
    resolution: {integrity: sha512-+Pgi+vMuUNkJyExiMBt5IlFoMyKnr5zhJ4Uspz58WOhBF5QoIZkFyNHIbBAtHwzVAgk5RtndVNsDRN61/mmDqg==}
    engines: {node: '>=12'}

  load-json-file@7.0.1:
    resolution: {integrity: sha512-Gnxj3ev3mB5TkVBGad0JM6dmLiQL+o0t23JPBZ9sd+yvSLk05mFoqKBw5N8gbbkU4TNXyqCgIrl/VM17OgUIgQ==}
    engines: {node: ^12.20.0 || ^14.13.1 || >=16.0.0}

  pkg-dir@8.0.0:
    resolution: {integrity: sha512-4peoBq4Wks0riS0z8741NVv+/8IiTvqnZAr8QGgtdifrtpdXbNw/FxRS1l6NFqm4EMzuS0EDqNNx4XGaz8cuyQ==}
    engines: {node: '>=18'}

  signal-exit@4.1.0:
    resolution: {integrity: sha512-bzyZ1e88w9O1iNJbKnOlvYTrWPDl46O1bG0D3XInv+9tkPrxrN8jUUTiFlDkkmKWgn1M6CfIA13SuGqOa9Korw==}
    engines: {node: '>=14'}

  sort-keys@5.0.0:
    resolution: {integrity: sha512-Pdz01AvCAottHTPQGzndktFNdbRA75BgOfeT1hH+AMnJFv8lynkPi42rfeEhpx1saTEI3YNMWxfqu0sFD1G8pw==}
    engines: {node: '>=12'}

  write-file-atomic@5.0.1:
    resolution: {integrity: sha512-+QU2zd6OTD8XWIJCbffaiQeH9U73qIqafo1x6V1snCWYGJf6cVE0cDR4D8xRzcEnfI21IFrUPzPGtcPf8AC+Rw==}
    engines: {node: ^14.17.0 || ^16.13.0 || >=18.0.0}

  write-json-file@6.0.0:
    resolution: {integrity: sha512-MNHcU3f9WxnNyR6MxsYSj64Jz0+dwIpisWKWq9gqLj/GwmA9INg3BZ3vt70/HB3GEwrnDQWr4RPrywnhNzmUFA==}
    engines: {node: '>=18'}

snapshots:

  detect-indent@7.0.1: {}

  find-up-simple@1.0.0: {}

  imurmurhash@0.1.4: {}

  is-plain-obj@4.1.0: {}

  load-json-file@7.0.1: {}

  pkg-dir@8.0.0:
    dependencies:
      find-up-simple: 1.0.0

  signal-exit@4.1.0: {}

  sort-keys@5.0.0:
    dependencies:
      is-plain-obj: 4.1.0

  write-file-atomic@5.0.1:
    dependencies:
      imurmurhash: 0.1.4
      signal-exit: 4.1.0

  write-json-file@6.0.0:
    dependencies:
      detect-indent: 7.0.1
      is-plain-obj: 4.1.0
      sort-keys: 5.0.0
      write-file-atomic: 5.0.1
